// !$*UTF8*$!
{
	archiveVersion = 1;
	classes = {
	};
	objectVersion = 48;
	objects = {

/* Begin PBXBuildFile section */
		BB763982CEF3B1B78932A3A1 /* Pods_swiftLesson.framework in Frameworks */ = {isa = PBXBuildFile; fileRef = 24486C13801610951041FE30 /* Pods_swiftLesson.framework */; };
		DB6D2C2120049BCA00D6E785 /* AppDelegate.swift in Sources */ = {isa = PBXBuildFile; fileRef = DB6D2C2020049BCA00D6E785 /* AppDelegate.swift */; };
		DB6D2C2320049BCA00D6E785 /* ViewController.swift in Sources */ = {isa = PBXBuildFile; fileRef = DB6D2C2220049BCA00D6E785 /* ViewController.swift */; };
		DB6D2C2820049BCA00D6E785 /* Assets.xcassets in Resources */ = {isa = PBXBuildFile; fileRef = DB6D2C2720049BCA00D6E785 /* Assets.xcassets */; };
		DB6D2C2B20049BCA00D6E785 /* LaunchScreen.storyboard in Resources */ = {isa = PBXBuildFile; fileRef = DB6D2C2920049BCA00D6E785 /* LaunchScreen.storyboard */; };
/* End PBXBuildFile section */

/* Begin PBXContainerItemProxy section */
		DB6D2C3220049BCA00D6E785 /* PBXContainerItemProxy */ = {
			isa = PBXContainerItemProxy;
			containerPortal = DB6D2C1520049BCA00D6E785 /* Project object */;
			proxyType = 1;
			remoteGlobalIDString = DB6D2C1C20049BCA00D6E785;
			remoteInfo = swiftLesson;
		};
		DB6D2C3D20049BCA00D6E785 /* PBXContainerItemProxy */ = {
			isa = PBXContainerItemProxy;
			containerPortal = DB6D2C1520049BCA00D6E785 /* Project object */;
			proxyType = 1;
			remoteGlobalIDString = DB6D2C1C20049BCA00D6E785;
			remoteInfo = swiftLesson;
		};
/* End PBXContainerItemProxy section */

/* Begin PBXFileReference section */
		24486C13801610951041FE30 /* Pods_swiftLesson.framework */ = {isa = PBXFileReference; explicitFileType = wrapper.framework; includeInIndex = 0; path = Pods_swiftLesson.framework; sourceTree = BUILT_PRODUCTS_DIR; };
		6DF579C4C6F682BF180A2A5D /* Pods-swiftLesson.debug.xcconfig */ = {isa = PBXFileReference; includeInIndex = 1; lastKnownFileType = text.xcconfig; name = "Pods-swiftLesson.debug.xcconfig"; path = "Pods/Target Support Files/Pods-swiftLesson/Pods-swiftLesson.debug.xcconfig"; sourceTree = "<group>"; };
		B62B07A20624A8AB693D1ED1 /* Pods-swiftLesson.release.xcconfig */ = {isa = PBXFileReference; includeInIndex = 1; lastKnownFileType = text.xcconfig; name = "Pods-swiftLesson.release.xcconfig"; path = "Pods/Target Support Files/Pods-swiftLesson/Pods-swiftLesson.release.xcconfig"; sourceTree = "<group>"; };
		DB6D2C1D20049BCA00D6E785 /* swiftLesson.app */ = {isa = PBXFileReference; explicitFileType = wrapper.application; includeInIndex = 0; path = swiftLesson.app; sourceTree = BUILT_PRODUCTS_DIR; };
		DB6D2C2020049BCA00D6E785 /* AppDelegate.swift */ = {isa = PBXFileReference; lastKnownFileType = sourcecode.swift; path = AppDelegate.swift; sourceTree = "<group>"; };
		DB6D2C2220049BCA00D6E785 /* ViewController.swift */ = {isa = PBXFileReference; lastKnownFileType = sourcecode.swift; path = ViewController.swift; sourceTree = "<group>"; };
		DB6D2C2720049BCA00D6E785 /* Assets.xcassets */ = {isa = PBXFileReference; lastKnownFileType = folder.assetcatalog; path = Assets.xcassets; sourceTree = "<group>"; };
		DB6D2C2A20049BCA00D6E785 /* Base */ = {isa = PBXFileReference; lastKnownFileType = file.storyboard; name = Base; path = Base.lproj/LaunchScreen.storyboard; sourceTree = "<group>"; };
		DB6D2C2C20049BCA00D6E785 /* Info.plist */ = {isa = PBXFileReference; lastKnownFileType = text.plist.xml; path = Info.plist; sourceTree = "<group>"; };
		DB6D2C3120049BCA00D6E785 /* swiftLessonTests.xctest */ = {isa = PBXFileReference; explicitFileType = wrapper.cfbundle; includeInIndex = 0; path = swiftLessonTests.xctest; sourceTree = BUILT_PRODUCTS_DIR; };
		DB6D2C3C20049BCA00D6E785 /* swiftLessonUITests.xctest */ = {isa = PBXFileReference; explicitFileType = wrapper.cfbundle; includeInIndex = 0; path = swiftLessonUITests.xctest; sourceTree = BUILT_PRODUCTS_DIR; };
/* End PBXFileReference section */

/* Begin PBXFrameworksBuildPhase section */
		DB6D2C1A20049BCA00D6E785 /* Frameworks */ = {
			isa = PBXFrameworksBuildPhase;
			buildActionMask = 2147483647;
			files = (
				BB763982CEF3B1B78932A3A1 /* Pods_swiftLesson.framework in Frameworks */,
			);
			runOnlyForDeploymentPostprocessing = 0;
		};
		DB6D2C2E20049BCA00D6E785 /* Frameworks */ = {
			isa = PBXFrameworksBuildPhase;
			buildActionMask = 2147483647;
			files = (
			);
			runOnlyForDeploymentPostprocessing = 0;
		};
		DB6D2C3920049BCA00D6E785 /* Frameworks */ = {
			isa = PBXFrameworksBuildPhase;
			buildActionMask = 2147483647;
			files = (
			);
			runOnlyForDeploymentPostprocessing = 0;
		};
/* End PBXFrameworksBuildPhase section */

/* Begin PBXGroup section */
		2D40DCF4C81E3CE5B70FDBE2 /* Frameworks */ = {
			isa = PBXGroup;
			children = (
				24486C13801610951041FE30 /* Pods_swiftLesson.framework */,
			);
			name = Frameworks;
			sourceTree = "<group>";
		};
		8D43FE9FFB04B52FE80B25F5 /* Pods */ = {
			isa = PBXGroup;
			children = (
				6DF579C4C6F682BF180A2A5D /* Pods-swiftLesson.debug.xcconfig */,
				B62B07A20624A8AB693D1ED1 /* Pods-swiftLesson.release.xcconfig */,
			);
			name = Pods;
			sourceTree = "<group>";
		};
		DB6D2C1420049BCA00D6E785 = {
			isa = PBXGroup;
			children = (
				DB6D2C1F20049BCA00D6E785 /* swiftLesson */,
				DB6D2C1E20049BCA00D6E785 /* Products */,
				8D43FE9FFB04B52FE80B25F5 /* Pods */,
				2D40DCF4C81E3CE5B70FDBE2 /* Frameworks */,
			);
			sourceTree = "<group>";
		};
		DB6D2C1E20049BCA00D6E785 /* Products */ = {
			isa = PBXGroup;
			children = (
				DB6D2C1D20049BCA00D6E785 /* swiftLesson.app */,
				DB6D2C3120049BCA00D6E785 /* swiftLessonTests.xctest */,
				DB6D2C3C20049BCA00D6E785 /* swiftLessonUITests.xctest */,
			);
			name = Products;
			sourceTree = "<group>";
		};
		DB6D2C1F20049BCA00D6E785 /* swiftLesson */ = {
			isa = PBXGroup;
			children = (
				DB6D2C2020049BCA00D6E785 /* AppDelegate.swift */,
				DB6D2C2220049BCA00D6E785 /* ViewController.swift */,
				DB6D2C2720049BCA00D6E785 /* Assets.xcassets */,
				DB6D2C2920049BCA00D6E785 /* LaunchScreen.storyboard */,
				DB6D2C2C20049BCA00D6E785 /* Info.plist */,
			);
			path = swiftLesson;
			sourceTree = "<group>";
		};
/* End PBXGroup section */

/* Begin PBXNativeTarget section */
		DB6D2C1C20049BCA00D6E785 /* swiftLesson */ = {
			isa = PBXNativeTarget;
			buildConfigurationList = DB6D2C4520049BCA00D6E785 /* Build configuration list for PBXNativeTarget "swiftLesson" */;
			buildPhases = (
				9C6248176D4794E053BBD874 /* [CP] Check Pods Manifest.lock */,
				DB6D2C1920049BCA00D6E785 /* Sources */,
				DB6D2C1A20049BCA00D6E785 /* Frameworks */,
				DB6D2C1B20049BCA00D6E785 /* Resources */,
				73696F24AC02764F5053ACFA /* [CP] Embed Pods Frameworks */,
				931507F1D1AC40D0C747C6E4 /* [CP] Copy Pods Resources */,
			);
			buildRules = (
			);
			dependencies = (
			);
			name = swiftLesson;
			productName = swiftLesson;
			productReference = DB6D2C1D20049BCA00D6E785 /* swiftLesson.app */;
			productType = "com.apple.product-type.application";
		};
		DB6D2C3020049BCA00D6E785 /* swiftLessonTests */ = {
			isa = PBXNativeTarget;
			buildConfigurationList = DB6D2C4820049BCA00D6E785 /* Build configuration list for PBXNativeTarget "swiftLessonTests" */;
			buildPhases = (
				DB6D2C2D20049BCA00D6E785 /* Sources */,
				DB6D2C2E20049BCA00D6E785 /* Frameworks */,
				DB6D2C2F20049BCA00D6E785 /* Resources */,
			);
			buildRules = (
			);
			dependencies = (
				DB6D2C3320049BCA00D6E785 /* PBXTargetDependency */,
			);
			name = swiftLessonTests;
			productName = swiftLessonTests;
			productReference = DB6D2C3120049BCA00D6E785 /* swiftLessonTests.xctest */;
			productType = "com.apple.product-type.bundle.unit-test";
		};
		DB6D2C3B20049BCA00D6E785 /* swiftLessonUITests */ = {
			isa = PBXNativeTarget;
			buildConfigurationList = DB6D2C4B20049BCA00D6E785 /* Build configuration list for PBXNativeTarget "swiftLessonUITests" */;
			buildPhases = (
				DB6D2C3820049BCA00D6E785 /* Sources */,
				DB6D2C3920049BCA00D6E785 /* Frameworks */,
				DB6D2C3A20049BCA00D6E785 /* Resources */,
			);
			buildRules = (
			);
			dependencies = (
				DB6D2C3E20049BCA00D6E785 /* PBXTargetDependency */,
			);
			name = swiftLessonUITests;
			productName = swiftLessonUITests;
			productReference = DB6D2C3C20049BCA00D6E785 /* swiftLessonUITests.xctest */;
			productType = "com.apple.product-type.bundle.ui-testing";
		};
/* End PBXNativeTarget section */

/* Begin PBXProject section */
		DB6D2C1520049BCA00D6E785 /* Project object */ = {
			isa = PBXProject;
			attributes = {
				LastSwiftUpdateCheck = 0920;
				LastUpgradeCheck = 0920;
				ORGANIZATIONNAME = "Iko Nakari";
				TargetAttributes = {
					DB6D2C1C20049BCA00D6E785 = {
						CreatedOnToolsVersion = 9.2;
						ProvisioningStyle = Automatic;
					};
					DB6D2C3020049BCA00D6E785 = {
						CreatedOnToolsVersion = 9.2;
						ProvisioningStyle = Automatic;
						TestTargetID = DB6D2C1C20049BCA00D6E785;
					};
					DB6D2C3B20049BCA00D6E785 = {
						CreatedOnToolsVersion = 9.2;
						ProvisioningStyle = Automatic;
						TestTargetID = DB6D2C1C20049BCA00D6E785;
					};
				};
			};
			buildConfigurationList = DB6D2C1820049BCA00D6E785 /* Build configuration list for PBXProject "swiftLesson" */;
			compatibilityVersion = "Xcode 8.0";
			developmentRegion = en;
			hasScannedForEncodings = 0;
			knownRegions = (
				en,
				Base,
			);
			mainGroup = DB6D2C1420049BCA00D6E785;
			productRefGroup = DB6D2C1E20049BCA00D6E785 /* Products */;
			projectDirPath = "";
			projectRoot = "";
			targets = (
				DB6D2C1C20049BCA00D6E785 /* swiftLesson */,
				DB6D2C3020049BCA00D6E785 /* swiftLessonTests */,
				DB6D2C3B20049BCA00D6E785 /* swiftLessonUITests */,
			);
		};
/* End PBXProject section */

/* Begin PBXResourcesBuildPhase section */
		DB6D2C1B20049BCA00D6E785 /* Resources */ = {
			isa = PBXResourcesBuildPhase;
			buildActionMask = 2147483647;
			files = (
				DB6D2C2B20049BCA00D6E785 /* LaunchScreen.storyboard in Resources */,
				DB6D2C2820049BCA00D6E785 /* Assets.xcassets in Resources */,
			);
			runOnlyForDeploymentPostprocessing = 0;
		};
		DB6D2C2F20049BCA00D6E785 /* Resources */ = {
			isa = PBXResourcesBuildPhase;
			buildActionMask = 2147483647;
			files = (
			);
			runOnlyForDeploymentPostprocessing = 0;
		};
		DB6D2C3A20049BCA00D6E785 /* Resources */ = {
			isa = PBXResourcesBuildPhase;
			buildActionMask = 2147483647;
			files = (
			);
			runOnlyForDeploymentPostprocessing = 0;
		};
/* End PBXResourcesBuildPhase section */

/* Begin PBXShellScriptBuildPhase section */
		73696F24AC02764F5053ACFA /* [CP] Embed Pods Frameworks */ = {
			isa = PBXShellScriptBuildPhase;
			buildActionMask = 2147483647;
			files = (
			);
			inputPaths = (
				"${SRCROOT}/Pods/Target Support Files/Pods-swiftLesson/Pods-swiftLesson-frameworks.sh",
				"${BUILT_PRODUCTS_DIR}/SnapKit/SnapKit.framework",
			);
			name = "[CP] Embed Pods Frameworks";
			outputPaths = (
				"${TARGET_BUILD_DIR}/${FRAMEWORKS_FOLDER_PATH}/SnapKit.framework",
			);
			runOnlyForDeploymentPostprocessing = 0;
			shellPath = /bin/sh;
			shellScript = "\"${SRCROOT}/Pods/Target Support Files/Pods-swiftLesson/Pods-swiftLesson-frameworks.sh\"\n";
			showEnvVarsInLog = 0;
		};
		931507F1D1AC40D0C747C6E4 /* [CP] Copy Pods Resources */ = {
			isa = PBXShellScriptBuildPhase;
			buildActionMask = 2147483647;
			files = (
			);
			inputPaths = (
			);
			name = "[CP] Copy Pods Resources";
			outputPaths = (
			);
			runOnlyForDeploymentPostprocessing = 0;
			shellPath = /bin/sh;
			shellScript = "\"${SRCROOT}/Pods/Target Support Files/Pods-swiftLesson/Pods-swiftLesson-resources.sh\"\n";
			showEnvVarsInLog = 0;
		};
		9C6248176D4794E053BBD874 /* [CP] Check Pods Manifest.lock */ = {
			isa = PBXShellScriptBuildPhase;
			buildActionMask = 2147483647;
			files = (
			);
			inputPaths = (
				"${PODS_PODFILE_DIR_PATH}/Podfile.lock",
				"${PODS_ROOT}/Manifest.lock",
			);
			name = "[CP] Check Pods Manifest.lock";
			outputPaths = (
				"$(DERIVED_FILE_DIR)/Pods-swiftLesson-checkManifestLockResult.txt",
			);
			runOnlyForDeploymentPostprocessing = 0;
			shellPath = /bin/sh;
			shellScript = "diff \"${PODS_PODFILE_DIR_PATH}/Podfile.lock\" \"${PODS_ROOT}/Manifest.lock\" > /dev/null\nif [ $? != 0 ] ; then\n    # print error to STDERR\n    echo \"error: The sandbox is not in sync with the Podfile.lock. Run 'pod install' or update your CocoaPods installation.\" >&2\n    exit 1\nfi\n# This output is used by Xcode 'outputs' to avoid re-running this script phase.\necho \"SUCCESS\" > \"${SCRIPT_OUTPUT_FILE_0}\"\n";
			showEnvVarsInLog = 0;
		};
/* End PBXShellScriptBuildPhase section */

/* Begin PBXSourcesBuildPhase section */
		DB6D2C1920049BCA00D6E785 /* Sources */ = {
			isa = PBXSourcesBuildPhase;
			buildActionMask = 2147483647;
			files = (
				DB6D2C2320049BCA00D6E785 /* ViewController.swift in Sources */,
				DB6D2C2120049BCA00D6E785 /* AppDelegate.swift in Sources */,
			);
			runOnlyForDeploymentPostprocessing = 0;
		};
		DB6D2C2D20049BCA00D6E785 /* Sources */ = {
			isa = PBXSourcesBuildPhase;
			buildActionMask = 2147483647;
			files = (
			);
			runOnlyForDeploymentPostprocessing = 0;
		};
		DB6D2C3820049BCA00D6E785 /* Sources */ = {
			isa = PBXSourcesBuildPhase;
			buildActionMask = 2147483647;
			files = (
			);
			runOnlyForDeploymentPostprocessing = 0;
		};
/* End PBXSourcesBuildPhase section */

/* Begin PBXTargetDependency section */
		DB6D2C3320049BCA00D6E785 /* PBXTargetDependency */ = {
			isa = PBXTargetDependency;
			target = DB6D2C1C20049BCA00D6E785 /* swiftLesson */;
			targetProxy = DB6D2C3220049BCA00D6E785 /* PBXContainerItemProxy */;
		};
		DB6D2C3E20049BCA00D6E785 /* PBXTargetDependency */ = {
			isa = PBXTargetDependency;
			target = DB6D2C1C20049BCA00D6E785 /* swiftLesson */;
			targetProxy = DB6D2C3D20049BCA00D6E785 /* PBXContainerItemProxy */;
		};
/* End PBXTargetDependency section */

/* Begin PBXVariantGroup section */
		DB6D2C2920049BCA00D6E785 /* LaunchScreen.storyboard */ = {
			isa = PBXVariantGroup;
			children = (
				DB6D2C2A20049BCA00D6E785 /* Base */,
			);
			name = LaunchScreen.storyboard;
			sourceTree = "<group>";
		};
/* End PBXVariantGroup section */

/* Begin XCBuildConfiguration section */
		DB6D2C4320049BCA00D6E785 /* Debug */ = {
			isa = XCBuildConfiguration;
			buildSettings = {
				ALWAYS_SEARCH_USER_PATHS = NO;
				CLANG_ANALYZER_NONNULL = YES;
				CLANG_ANALYZER_NUMBER_OBJECT_CONVERSION = YES_AGGRESSIVE;
				CLANG_CXX_LANGUAGE_STANDARD = "gnu++14";
				CLANG_CXX_LIBRARY = "libc++";
				CLANG_ENABLE_MODULES = YES;
				CLANG_ENABLE_OBJC_ARC = YES;
				CLANG_WARN_BLOCK_CAPTURE_AUTORELEASING = YES;
				CLANG_WARN_BOOL_CONVERSION = YES;
				CLANG_WARN_COMMA = YES;
				CLANG_WARN_CONSTANT_CONVERSION = YES;
				CLANG_WARN_DIRECT_OBJC_ISA_USAGE = YES_ERROR;
				CLANG_WARN_DOCUMENTATION_COMMENTS = YES;
				CLANG_WARN_EMPTY_BODY = YES;
				CLANG_WARN_ENUM_CONVERSION = YES;
				CLANG_WARN_INFINITE_RECURSION = YES;
				CLANG_WARN_INT_CONVERSION = YES;
				CLANG_WARN_NON_LITERAL_NULL_CONVERSION = YES;
				CLANG_WARN_OBJC_LITERAL_CONVERSION = YES;
				CLANG_WARN_OBJC_ROOT_CLASS = YES_ERROR;
				CLANG_WARN_RANGE_LOOP_ANALYSIS = YES;
				CLANG_WARN_STRICT_PROTOTYPES = YES;
				CLANG_WARN_SUSPICIOUS_MOVE = YES;
				CLANG_WARN_UNGUARDED_AVAILABILITY = YES_AGGRESSIVE;
				CLANG_WARN_UNREACHABLE_CODE = YES;
				CLANG_WARN__DUPLICATE_METHOD_MATCH = YES;
				CODE_SIGN_IDENTITY = "iPhone Developer";
				COPY_PHASE_STRIP = NO;
				DEBUG_INFORMATION_FORMAT = dwarf;
				ENABLE_STRICT_OBJC_MSGSEND = YES;
				ENABLE_TESTABILITY = YES;
				GCC_C_LANGUAGE_STANDARD = gnu11;
				GCC_DYNAMIC_NO_PIC = NO;
				GCC_NO_COMMON_BLOCKS = YES;
				GCC_OPTIMIZATION_LEVEL = 0;
				GCC_PREPROCESSOR_DEFINITIONS = (
					"DEBUG=1",
					"$(inherited)",
				);
				GCC_WARN_64_TO_32_BIT_CONVERSION = YES;
				GCC_WARN_ABOUT_RETURN_TYPE = YES_ERROR;
				GCC_WARN_UNDECLARED_SELECTOR = YES;
				GCC_WARN_UNINITIALIZED_AUTOS = YES_AGGRESSIVE;
				GCC_WARN_UNUSED_FUNCTION = YES;
				GCC_WARN_UNUSED_VARIABLE = YES;
				IPHONEOS_DEPLOYMENT_TARGET = 11.2;
				MTL_ENABLE_DEBUG_INFO = YES;
				ONLY_ACTIVE_ARCH = YES;
				SDKROOT = iphoneos;
				SWIFT_ACTIVE_COMPILATION_CONDITIONS = DEBUG;
				SWIFT_OPTIMIZATION_LEVEL = "-Onone";
			};
			name = Debug;
		};
		DB6D2C4420049BCA00D6E785 /* Release */ = {
			isa = XCBuildConfiguration;
			buildSettings = {
				ALWAYS_SEARCH_USER_PATHS = NO;
				CLANG_ANALYZER_NONNULL = YES;
				CLANG_ANALYZER_NUMBER_OBJECT_CONVERSION = YES_AGGRESSIVE;
				CLANG_CXX_LANGUAGE_STANDARD = "gnu++14";
				CLANG_CXX_LIBRARY = "libc++";
				CLANG_ENABLE_MODULES = YES;
				CLANG_ENABLE_OBJC_ARC = YES;
				CLANG_WARN_BLOCK_CAPTURE_AUTORELEASING = YES;
				CLANG_WARN_BOOL_CONVERSION = YES;
				CLANG_WARN_COMMA = YES;
				CLANG_WARN_CONSTANT_CONVERSION = YES;
				CLANG_WARN_DIRECT_OBJC_ISA_USAGE = YES_ERROR;
				CLANG_WARN_DOCUMENTATION_COMMENTS = YES;
				CLANG_WARN_EMPTY_BODY = YES;
				CLANG_WARN_ENUM_CONVERSION = YES;
				CLANG_WARN_INFINITE_RECURSION = YES;
				CLANG_WARN_INT_CONVERSION = YES;
				CLANG_WARN_NON_LITERAL_NULL_CONVERSION = YES;
				CLANG_WARN_OBJC_LITERAL_CONVERSION = YES;
				CLANG_WARN_OBJC_ROOT_CLASS = YES_ERROR;
				CLANG_WARN_RANGE_LOOP_ANALYSIS = YES;
				CLANG_WARN_STRICT_PROTOTYPES = YES;
				CLANG_WARN_SUSPICIOUS_MOVE = YES;
				CLANG_WARN_UNGUARDED_AVAILABILITY = YES_AGGRESSIVE;
				CLANG_WARN_UNREACHABLE_CODE = YES;
				CLANG_WARN__DUPLICATE_METHOD_MATCH = YES;
				CODE_SIGN_IDENTITY = "iPhone Developer";
				COPY_PHASE_STRIP = NO;
				DEBUG_INFORMATION_FORMAT = "dwarf-with-dsym";
				ENABLE_NS_ASSERTIONS = NO;
				ENABLE_STRICT_OBJC_MSGSEND = YES;
				GCC_C_LANGUAGE_STANDARD = gnu11;
				GCC_NO_COMMON_BLOCKS = YES;
				GCC_WARN_64_TO_32_BIT_CONVERSION = YES;
				GCC_WARN_ABOUT_RETURN_TYPE = YES_ERROR;
				GCC_WARN_UNDECLARED_SELECTOR = YES;
				GCC_WARN_UNINITIALIZED_AUTOS = YES_AGGRESSIVE;
				GCC_WARN_UNUSED_FUNCTION = YES;
				GCC_WARN_UNUSED_VARIABLE = YES;
				IPHONEOS_DEPLOYMENT_TARGET = 11.2;
				MTL_ENABLE_DEBUG_INFO = NO;
				SDKROOT = iphoneos;
				SWIFT_OPTIMIZATION_LEVEL = "-Owholemodule";
				VALIDATE_PRODUCT = YES;
			};
			name = Release;
		};
		DB6D2C4620049BCA00D6E785 /* Debug */ = {
			isa = XCBuildConfiguration;
			baseConfigurationReference = 6DF579C4C6F682BF180A2A5D /* Pods-swiftLesson.debug.xcconfig */;
			buildSettings = {
				ASSETCATALOG_COMPILER_APPICON_NAME = AppIcon;
				CODE_SIGN_STYLE = Automatic;
				DEVELOPMENT_TEAM = 922P3K9888;
				INFOPLIST_FILE = swiftLesson/Info.plist;
				LD_RUNPATH_SEARCH_PATHS = "$(inherited) @executable_path/Frameworks";
				PRODUCT_BUNDLE_IDENTIFIER = com.nakarin0528.swiftLesson;
				PRODUCT_NAME = "$(TARGET_NAME)";
				SWIFT_VERSION = 4.0;
				TARGETED_DEVICE_FAMILY = "1,2";
			};
			name = Debug;
		};
		DB6D2C4720049BCA00D6E785 /* Release */ = {
			isa = XCBuildConfiguration;
			baseConfigurationReference = B62B07A20624A8AB693D1ED1 /* Pods-swiftLesson.release.xcconfig */;
			buildSettings = {
				ASSETCATALOG_COMPILER_APPICON_NAME = AppIcon;
				CODE_SIGN_STYLE = Automatic;
				DEVELOPMENT_TEAM = 922P3K9888;
				INFOPLIST_FILE = swiftLesson/Info.plist;
				LD_RUNPATH_SEARCH_PATHS = "$(inherited) @executable_path/Frameworks";
				PRODUCT_BUNDLE_IDENTIFIER = com.nakarin0528.swiftLesson;
				PRODUCT_NAME = "$(TARGET_NAME)";
				SWIFT_VERSION = 4.0;
				TARGETED_DEVICE_FAMILY = "1,2";
			};
			name = Release;
		};
		DB6D2C4920049BCA00D6E785 /* Debug */ = {
			isa = XCBuildConfiguration;
			buildSettings = {
				ALWAYS_EMBED_SWIFT_STANDARD_LIBRARIES = YES;
				BUNDLE_LOADER = "$(TEST_HOST)";
				CODE_SIGN_STYLE = Automatic;
				DEVELOPMENT_TEAM = 922P3K9888;
				INFOPLIST_FILE = swiftLessonTests/Info.plist;
				LD_RUNPATH_SEARCH_PATHS = "$(inherited) @executable_path/Frameworks @loader_path/Frameworks";
				PRODUCT_BUNDLE_IDENTIFIER = com.nakarin0528.swiftLessonTests;
				PRODUCT_NAME = "$(TARGET_NAME)";
				SWIFT_VERSION = 4.0;
				TARGETED_DEVICE_FAMILY = "1,2";
				TEST_HOST = "$(BUILT_PRODUCTS_DIR)/swiftLesson.app/swiftLesson";
			};
			name = Debug;
		};
		DB6D2C4A20049BCA00D6E785 /* Release */ = {
			isa = XCBuildConfiguration;
			buildSettings = {
				ALWAYS_EMBED_SWIFT_STANDARD_LIBRARIES = YES;
				BUNDLE_LOADER = "$(TEST_HOST)";
				CODE_SIGN_STYLE = Automatic;
				DEVELOPMENT_TEAM = 922P3K9888;
				INFOPLIST_FILE = swiftLessonTests/Info.plist;
				LD_RUNPATH_SEARCH_PATHS = "$(inherited) @executable_path/Frameworks @loader_path/Frameworks";
				PRODUCT_BUNDLE_IDENTIFIER = com.nakarin0528.swiftLessonTests;
				PRODUCT_NAME = "$(TARGET_NAME)";
				SWIFT_VERSION = 4.0;
				TARGETED_DEVICE_FAMILY = "1,2";
				TEST_HOST = "$(BUILT_PRODUCTS_DIR)/swiftLesson.app/swiftLesson";
			};
			name = Release;
		};
		DB6D2C4C20049BCA00D6E785 /* Debug */ = {
			isa = XCBuildConfiguration;
			buildSettings = {
				ALWAYS_EMBED_SWIFT_STANDARD_LIBRARIES = YES;
				CODE_SIGN_STYLE = Automatic;
				DEVELOPMENT_TEAM = 922P3K9888;
				INFOPLIST_FILE = swiftLessonUITests/Info.plist;
				LD_RUNPATH_SEARCH_PATHS = "$(inherited) @executable_path/Frameworks @loader_path/Frameworks";
				PRODUCT_BUNDLE_IDENTIFIER = com.nakarin0528.swiftLessonUITests;
				PRODUCT_NAME = "$(TARGET_NAME)";
				SWIFT_VERSION = 4.0;
				TARGETED_DEVICE_FAMILY = "1,2";
				TEST_TARGET_NAME = swiftLesson;
			};
			name = Debug;
		};
		DB6D2C4D20049BCA00D6E785 /* Release */ = {
			isa = XCBuildConfiguration;
			buildSettings = {
				ALWAYS_EMBED_SWIFT_STANDARD_LIBRARIES = YES;
				CODE_SIGN_STYLE = Automatic;
				DEVELOPMENT_TEAM = 922P3K9888;
				INFOPLIST_FILE = swiftLessonUITests/Info.plist;
				LD_RUNPATH_SEARCH_PATHS = "$(inherited) @executable_path/Frameworks @loader_path/Frameworks";
				PRODUCT_BUNDLE_IDENTIFIER = com.nakarin0528.swiftLessonUITests;
				PRODUCT_NAME = "$(TARGET_NAME)";
				SWIFT_VERSION = 4.0;
				TARGETED_DEVICE_FAMILY = "1,2";
				TEST_TARGET_NAME = swiftLesson;
			};
			name = Release;
		};
/* End XCBuildConfiguration section */

/* Begin XCConfigurationList section */
		DB6D2C1820049BCA00D6E785 /* Build configuration list for PBXProject "swiftLesson" */ = {
			isa = XCConfigurationList;
			buildConfigurations = (
				DB6D2C4320049BCA00D6E785 /* Debug */,
				DB6D2C4420049BCA00D6E785 /* Release */,
			);
			defaultConfigurationIsVisible = 0;
			defaultConfigurationName = Release;
		};
		DB6D2C4520049BCA00D6E785 /* Build configuration list for PBXNativeTarget "swiftLesson" */ = {
			isa = XCConfigurationList;
			buildConfigurations = (
				DB6D2C4620049BCA00D6E785 /* Debug */,
				DB6D2C4720049BCA00D6E785 /* Release */,
			);
			defaultConfigurationIsVisible = 0;
			defaultConfigurationName = Release;
		};
		DB6D2C4820049BCA00D6E785 /* Build configuration list for PBXNativeTarget "swiftLessonTests" */ = {
			isa = XCConfigurationList;
			buildConfigurations = (
				DB6D2C4920049BCA00D6E785 /* Debug */,
				DB6D2C4A20049BCA00D6E785 /* Release */,
			);
			defaultConfigurationIsVisible = 0;
			defaultConfigurationName = Release;
		};
		DB6D2C4B20049BCA00D6E785 /* Build configuration list for PBXNativeTarget "swiftLessonUITests" */ = {
			isa = XCConfigurationList;
			buildConfigurations = (
				DB6D2C4C20049BCA00D6E785 /* Debug */,
				DB6D2C4D20049BCA00D6E785 /* Release */,
			);
			defaultConfigurationIsVisible = 0;
			defaultConfigurationName = Release;
		};
/* End XCConfigurationList section */
	};
	rootObject = DB6D2C1520049BCA00D6E785 /* Project object */;
}
